
Microsoft Visual Studio Solution File, Format Version 12.00
# Visual Studio Version 17
VisualStudioVersion = 17.1.32328.378
MinimumVisualStudioVersion = 10.0.40219.1
Project("{9A19103F-16F7-4668-BE54-9A1E7A4F7556}") = "ApiServiceReport", "ApiServiceReport\ApiServiceReport.csproj", "{FACB4FC4-5CC1-49D3-841E-2F91D4868EBA}"
EndProject
Project("{FAE04EC0-301F-11D3-BF4B-00C04F79EFBC}") = "ApiServiceReport.Model", "ApiServiceReport.Model\ApiServiceReport.Model.csproj", "{9BA6F8C7-68DA-444B-AC0B-63AE214E006D}"
EndProject
Global
	GlobalSection(SolutionConfigurationPlatforms) = preSolution
		Debug|Any CPU = Debug|Any CPU
		Release|Any CPU = Release|Any CPU
	EndGlobalSection
	GlobalSection(ProjectConfigurationPlatforms) = postSolution
		{FACB4FC4-5CC1-49D3-841E-2F91D4868EBA}.Debug|Any CPU.ActiveCfg = Debug|Any CPU
		{FACB4FC4-5CC1-49D3-841E-2F91D4868EBA}.Debug|Any CPU.Build.0 = Debug|Any CPU
		{FACB4FC4-5CC1-49D3-841E-2F91D4868EBA}.Release|Any CPU.ActiveCfg = Release|Any CPU
		{FACB4FC4-5CC1-49D3-841E-2F91D4868EBA}.Release|Any CPU.Build.0 = Release|Any CPU
		{9BA6F8C7-68DA-444B-AC0B-63AE214E006D}.Debug|Any CPU.ActiveCfg = Debug|Any CPU
		{9BA6F8C7-68DA-444B-AC0B-63AE214E006D}.Debug|Any CPU.Build.0 = Debug|Any CPU
		{9BA6F8C7-68DA-444B-AC0B-63AE214E006D}.Release|Any CPU.ActiveCfg = Release|Any CPU
		{9BA6F8C7-68DA-444B-AC0B-63AE214E006D}.Release|Any CPU.Build.0 = Release|Any CPU
	EndGlobalSection
	GlobalSection(SolutionProperties) = preSolution
		HideSolutionNode = FALSE
	EndGlobalSection
	GlobalSection(ExtensibilityGlobals) = postSolution
		SolutionGuid = {CE496ED6-246D-4AB6-98DD-34E9B128B06A}
	EndGlobalSection
EndGlobal
